// !$*UTF8*$!
{
	archiveVersion = 1;
	classes = {
	};
	objectVersion = 55;
	objects = {

/* Begin PBXBuildFile section */
		313C5F50280AD57D00D0BAEF /* UILabel + Extensions.swift in Sources */ = {isa = PBXBuildFile; fileRef = 313C5F4F280AD57D00D0BAEF /* UILabel + Extensions.swift */; };
		313C5F53280AD5D100D0BAEF /* InfoView.swift in Sources */ = {isa = PBXBuildFile; fileRef = 313C5F52280AD5D100D0BAEF /* InfoView.swift */; };
		313C5F56280AD63200D0BAEF /* Text.swift in Sources */ = {isa = PBXBuildFile; fileRef = 313C5F55280AD63200D0BAEF /* Text.swift */; };
		313D4B83281064E3005ABDF1 /* HabitsCollectionViewCell.swift in Sources */ = {isa = PBXBuildFile; fileRef = 313D4B82281064E3005ABDF1 /* HabitsCollectionViewCell.swift */; };
		313D4B85281075C7005ABDF1 /* ProgressBarView.swift in Sources */ = {isa = PBXBuildFile; fileRef = 313D4B84281075C7005ABDF1 /* ProgressBarView.swift */; };
		313F42EF28019DEF007052DB /* AppDelegate.swift in Sources */ = {isa = PBXBuildFile; fileRef = 313F42EE28019DEF007052DB /* AppDelegate.swift */; };
		313F42F128019DEF007052DB /* SceneDelegate.swift in Sources */ = {isa = PBXBuildFile; fileRef = 313F42F028019DEF007052DB /* SceneDelegate.swift */; };
		313F42F328019DEF007052DB /* HabitsViewController.swift in Sources */ = {isa = PBXBuildFile; fileRef = 313F42F228019DEF007052DB /* HabitsViewController.swift */; };
		313F42F828019DF0007052DB /* Assets.xcassets in Resources */ = {isa = PBXBuildFile; fileRef = 313F42F728019DF0007052DB /* Assets.xcassets */; };
		313F42FB28019DF0007052DB /* LaunchScreen.storyboard in Resources */ = {isa = PBXBuildFile; fileRef = 313F42F928019DF0007052DB /* LaunchScreen.storyboard */; };
		313F43082801A59B007052DB /* UIColor + Extension.swift in Sources */ = {isa = PBXBuildFile; fileRef = 313F43072801A59B007052DB /* UIColor + Extension.swift */; };
		313F430A2801B0E1007052DB /* UIFont + Extension.swift in Sources */ = {isa = PBXBuildFile; fileRef = 313F43092801B0E1007052DB /* UIFont + Extension.swift */; };
		313F430D2801B9F1007052DB /* SF-Pro-Display-Semibold.otf in Resources */ = {isa = PBXBuildFile; fileRef = 313F430C2801B9F1007052DB /* SF-Pro-Display-Semibold.otf */; };
		313F430F2801BA28007052DB /* SF-Pro-Text-Semibold.otf in Resources */ = {isa = PBXBuildFile; fileRef = 313F430E2801BA28007052DB /* SF-Pro-Text-Semibold.otf */; };
		313F43112801BA45007052DB /* SF-Pro-Text-Regular.otf in Resources */ = {isa = PBXBuildFile; fileRef = 313F43102801BA45007052DB /* SF-Pro-Text-Regular.otf */; };
		313F43152801BFBD007052DB /* InfoViewController.swift in Sources */ = {isa = PBXBuildFile; fileRef = 313F43142801BFBD007052DB /* InfoViewController.swift */; };
		313F43172801C094007052DB /* TabBarController.swift in Sources */ = {isa = PBXBuildFile; fileRef = 313F43162801C094007052DB /* TabBarController.swift */; };
		314979C3280AF44900F006D0 /* HabitsStore.swift in Sources */ = {isa = PBXBuildFile; fileRef = 314979C2280AF44900F006D0 /* HabitsStore.swift */; };
		314979C7280B027C00F006D0 /* HabitViewController.swift in Sources */ = {isa = PBXBuildFile; fileRef = 314979C6280B027C00F006D0 /* HabitViewController.swift */; };
		31552C2E280BE52C008EF9CD /* ProgressCollectionViewCell.swift in Sources */ = {isa = PBXBuildFile; fileRef = 31552C2D280BE52C008EF9CD /* ProgressCollectionViewCell.swift */; };
		31552C33280BEFC2008EF9CD /* UIView + Extension.swift in Sources */ = {isa = PBXBuildFile; fileRef = 31552C32280BEFC2008EF9CD /* UIView + Extension.swift */; };
		31552C35280BFDE8008EF9CD /* HabitDetailsViewController.swift in Sources */ = {isa = PBXBuildFile; fileRef = 31552C34280BFDE8008EF9CD /* HabitDetailsViewController.swift */; };
		31692B12281D591A003C609D /* UITableViewCell + Extensions.swift in Sources */ = {isa = PBXBuildFile; fileRef = 31692B11281D591A003C609D /* UITableViewCell + Extensions.swift */; };
		31692B14281D778D003C609D /* HabitEditViewController.swift in Sources */ = {isa = PBXBuildFile; fileRef = 31692B13281D778D003C609D /* HabitEditViewController.swift */; };
/* End PBXBuildFile section */

/* Begin PBXFileReference section */
		313C5F4F280AD57D00D0BAEF /* UILabel + Extensions.swift */ = {isa = PBXFileReference; lastKnownFileType = sourcecode.swift; path = "UILabel + Extensions.swift"; sourceTree = "<group>"; };
		313C5F52280AD5D100D0BAEF /* InfoView.swift */ = {isa = PBXFileReference; lastKnownFileType = sourcecode.swift; path = InfoView.swift; sourceTree = "<group>"; };
		313C5F55280AD63200D0BAEF /* Text.swift */ = {isa = PBXFileReference; lastKnownFileType = sourcecode.swift; path = Text.swift; sourceTree = "<group>"; };
		313D4B82281064E3005ABDF1 /* HabitsCollectionViewCell.swift */ = {isa = PBXFileReference; lastKnownFileType = sourcecode.swift; path = HabitsCollectionViewCell.swift; sourceTree = "<group>"; };
		313D4B84281075C7005ABDF1 /* ProgressBarView.swift */ = {isa = PBXFileReference; lastKnownFileType = sourcecode.swift; path = ProgressBarView.swift; sourceTree = "<group>"; };
		313F42EB28019DEF007052DB /* MyHabits.app */ = {isa = PBXFileReference; explicitFileType = wrapper.application; includeInIndex = 0; path = MyHabits.app; sourceTree = BUILT_PRODUCTS_DIR; };
		313F42EE28019DEF007052DB /* AppDelegate.swift */ = {isa = PBXFileReference; lastKnownFileType = sourcecode.swift; path = AppDelegate.swift; sourceTree = "<group>"; };
		313F42F028019DEF007052DB /* SceneDelegate.swift */ = {isa = PBXFileReference; lastKnownFileType = sourcecode.swift; path = SceneDelegate.swift; sourceTree = "<group>"; };
		313F42F228019DEF007052DB /* HabitsViewController.swift */ = {isa = PBXFileReference; lastKnownFileType = sourcecode.swift; path = HabitsViewController.swift; sourceTree = "<group>"; };
		313F42F728019DF0007052DB /* Assets.xcassets */ = {isa = PBXFileReference; lastKnownFileType = folder.assetcatalog; path = Assets.xcassets; sourceTree = "<group>"; };
		313F42FA28019DF0007052DB /* Base */ = {isa = PBXFileReference; lastKnownFileType = file.storyboard; name = Base; path = Base.lproj/LaunchScreen.storyboard; sourceTree = "<group>"; };
		313F42FC28019DF0007052DB /* Info.plist */ = {isa = PBXFileReference; lastKnownFileType = text.plist.xml; path = Info.plist; sourceTree = "<group>"; };
		313F43072801A59B007052DB /* UIColor + Extension.swift */ = {isa = PBXFileReference; lastKnownFileType = sourcecode.swift; path = "UIColor + Extension.swift"; sourceTree = "<group>"; };
		313F43092801B0E1007052DB /* UIFont + Extension.swift */ = {isa = PBXFileReference; lastKnownFileType = sourcecode.swift; path = "UIFont + Extension.swift"; sourceTree = "<group>"; };
		313F430C2801B9F1007052DB /* SF-Pro-Display-Semibold.otf */ = {isa = PBXFileReference; lastKnownFileType = file; path = "SF-Pro-Display-Semibold.otf"; sourceTree = "<group>"; };
		313F430E2801BA28007052DB /* SF-Pro-Text-Semibold.otf */ = {isa = PBXFileReference; lastKnownFileType = file; path = "SF-Pro-Text-Semibold.otf"; sourceTree = "<group>"; };
		313F43102801BA45007052DB /* SF-Pro-Text-Regular.otf */ = {isa = PBXFileReference; lastKnownFileType = file; path = "SF-Pro-Text-Regular.otf"; sourceTree = "<group>"; };
		313F43142801BFBD007052DB /* InfoViewController.swift */ = {isa = PBXFileReference; lastKnownFileType = sourcecode.swift; path = InfoViewController.swift; sourceTree = "<group>"; };
		313F43162801C094007052DB /* TabBarController.swift */ = {isa = PBXFileReference; lastKnownFileType = sourcecode.swift; path = TabBarController.swift; sourceTree = "<group>"; };
		314979C2280AF44900F006D0 /* HabitsStore.swift */ = {isa = PBXFileReference; lastKnownFileType = sourcecode.swift; path = HabitsStore.swift; sourceTree = "<group>"; };
		314979C6280B027C00F006D0 /* HabitViewController.swift */ = {isa = PBXFileReference; lastKnownFileType = sourcecode.swift; path = HabitViewController.swift; sourceTree = "<group>"; };
		31552C2D280BE52C008EF9CD /* ProgressCollectionViewCell.swift */ = {isa = PBXFileReference; lastKnownFileType = sourcecode.swift; path = ProgressCollectionViewCell.swift; sourceTree = "<group>"; };
		31552C32280BEFC2008EF9CD /* UIView + Extension.swift */ = {isa = PBXFileReference; lastKnownFileType = sourcecode.swift; path = "UIView + Extension.swift"; sourceTree = "<group>"; };
		31552C34280BFDE8008EF9CD /* HabitDetailsViewController.swift */ = {isa = PBXFileReference; lastKnownFileType = sourcecode.swift; path = HabitDetailsViewController.swift; sourceTree = "<group>"; };
		31692B11281D591A003C609D /* UITableViewCell + Extensions.swift */ = {isa = PBXFileReference; lastKnownFileType = sourcecode.swift; path = "UITableViewCell + Extensions.swift"; sourceTree = "<group>"; };
		31692B13281D778D003C609D /* HabitEditViewController.swift */ = {isa = PBXFileReference; lastKnownFileType = sourcecode.swift; path = HabitEditViewController.swift; sourceTree = "<group>"; };
/* End PBXFileReference section */

/* Begin PBXFrameworksBuildPhase section */
		313F42E828019DEF007052DB /* Frameworks */ = {
			isa = PBXFrameworksBuildPhase;
			buildActionMask = 2147483647;
			files = (
			);
			runOnlyForDeploymentPostprocessing = 0;
		};
/* End PBXFrameworksBuildPhase section */

/* Begin PBXGroup section */
		313C5F51280AD5B000D0BAEF /* Views */ = {
			isa = PBXGroup;
			children = (
				31552C2C280BE4B2008EF9CD /* Cells */,
				313D4B84281075C7005ABDF1 /* ProgressBarView.swift */,
				313C5F52280AD5D100D0BAEF /* InfoView.swift */,
			);
			path = Views;
			sourceTree = "<group>";
		};
		313C5F54280AD61E00D0BAEF /* Text */ = {
			isa = PBXGroup;
			children = (
				313C5F55280AD63200D0BAEF /* Text.swift */,
			);
			path = Text;
			sourceTree = "<group>";
		};
		313F42E228019DEF007052DB = {
			isa = PBXGroup;
			children = (
				313F42ED28019DEF007052DB /* MyHabits */,
				313F42EC28019DEF007052DB /* Products */,
			);
			sourceTree = "<group>";
		};
		313F42EC28019DEF007052DB /* Products */ = {
			isa = PBXGroup;
			children = (
				313F42EB28019DEF007052DB /* MyHabits.app */,
			);
			name = Products;
			sourceTree = "<group>";
		};
		313F42ED28019DEF007052DB /* MyHabits */ = {
			isa = PBXGroup;
			children = (
				313F430228019F06007052DB /* Application */,
				314979C1280AF42900F006D0 /* Model */,
				313C5F51280AD5B000D0BAEF /* Views */,
				313F430328019F1E007052DB /* Controllers */,
				313F43052801A0D0007052DB /* Extensions */,
				313F430428019F2D007052DB /* Resourses */,
			);
			path = MyHabits;
			sourceTree = "<group>";
		};
		313F430228019F06007052DB /* Application */ = {
			isa = PBXGroup;
			children = (
				313F42EE28019DEF007052DB /* AppDelegate.swift */,
				313F42F028019DEF007052DB /* SceneDelegate.swift */,
			);
			path = Application;
			sourceTree = "<group>";
		};
		313F430328019F1E007052DB /* Controllers */ = {
			isa = PBXGroup;
			children = (
				313F43162801C094007052DB /* TabBarController.swift */,
				313F42F228019DEF007052DB /* HabitsViewController.swift */,
				314979C6280B027C00F006D0 /* HabitViewController.swift */,
				31552C34280BFDE8008EF9CD /* HabitDetailsViewController.swift */,
				31692B13281D778D003C609D /* HabitEditViewController.swift */,
				313F43142801BFBD007052DB /* InfoViewController.swift */,
			);
			path = Controllers;
			sourceTree = "<group>";
		};
		313F430428019F2D007052DB /* Resourses */ = {
			isa = PBXGroup;
			children = (
				313C5F54280AD61E00D0BAEF /* Text */,
				313F430B2801B6F0007052DB /* Fonts */,
				313F42F728019DF0007052DB /* Assets.xcassets */,
				313F42F928019DF0007052DB /* LaunchScreen.storyboard */,
				313F42FC28019DF0007052DB /* Info.plist */,
			);
			path = Resourses;
			sourceTree = "<group>";
		};
		313F43052801A0D0007052DB /* Extensions */ = {
			isa = PBXGroup;
			children = (
				313F43062801A0DF007052DB /* UIKit */,
				31552C32280BEFC2008EF9CD /* UIView + Extension.swift */,
				31692B11281D591A003C609D /* UITableViewCell + Extensions.swift */,
			);
			path = Extensions;
			sourceTree = "<group>";
		};
		313F43062801A0DF007052DB /* UIKit */ = {
			isa = PBXGroup;
			children = (
				313F43072801A59B007052DB /* UIColor + Extension.swift */,
				313F43092801B0E1007052DB /* UIFont + Extension.swift */,
				313C5F4F280AD57D00D0BAEF /* UILabel + Extensions.swift */,
			);
			path = UIKit;
			sourceTree = "<group>";
		};
		313F430B2801B6F0007052DB /* Fonts */ = {
			isa = PBXGroup;
			children = (
				313F430C2801B9F1007052DB /* SF-Pro-Display-Semibold.otf */,
				313F430E2801BA28007052DB /* SF-Pro-Text-Semibold.otf */,
				313F43102801BA45007052DB /* SF-Pro-Text-Regular.otf */,
			);
			path = Fonts;
			sourceTree = "<group>";
		};
		314979C1280AF42900F006D0 /* Model */ = {
			isa = PBXGroup;
			children = (
				314979C2280AF44900F006D0 /* HabitsStore.swift */,
			);
			path = Model;
			sourceTree = "<group>";
		};
		31552C2C280BE4B2008EF9CD /* Cells */ = {
			isa = PBXGroup;
			children = (
				31552C2D280BE52C008EF9CD /* ProgressCollectionViewCell.swift */,
				313D4B82281064E3005ABDF1 /* HabitsCollectionViewCell.swift */,
			);
			path = Cells;
			sourceTree = "<group>";
		};
/* End PBXGroup section */

/* Begin PBXNativeTarget section */
		313F42EA28019DEF007052DB /* MyHabits */ = {
			isa = PBXNativeTarget;
			buildConfigurationList = 313F42FF28019DF0007052DB /* Build configuration list for PBXNativeTarget "MyHabits" */;
			buildPhases = (
				313F42E728019DEF007052DB /* Sources */,
				313F42E828019DEF007052DB /* Frameworks */,
				313F42E928019DEF007052DB /* Resources */,
			);
			buildRules = (
			);
			dependencies = (
			);
			name = MyHabits;
			productName = MyHabits;
			productReference = 313F42EB28019DEF007052DB /* MyHabits.app */;
			productType = "com.apple.product-type.application";
		};
/* End PBXNativeTarget section */

/* Begin PBXProject section */
		313F42E328019DEF007052DB /* Project object */ = {
			isa = PBXProject;
			attributes = {
				BuildIndependentTargetsInParallel = 1;
				LastSwiftUpdateCheck = 1330;
				LastUpgradeCheck = 1330;
				TargetAttributes = {
					313F42EA28019DEF007052DB = {
						CreatedOnToolsVersion = 13.3;
					};
				};
			};
			buildConfigurationList = 313F42E628019DEF007052DB /* Build configuration list for PBXProject "MyHabits" */;
			compatibilityVersion = "Xcode 13.0";
			developmentRegion = en;
			hasScannedForEncodings = 0;
			knownRegions = (
				en,
				Base,
			);
			mainGroup = 313F42E228019DEF007052DB;
			productRefGroup = 313F42EC28019DEF007052DB /* Products */;
			projectDirPath = "";
			projectRoot = "";
			targets = (
				313F42EA28019DEF007052DB /* MyHabits */,
			);
		};
/* End PBXProject section */

/* Begin PBXResourcesBuildPhase section */
		313F42E928019DEF007052DB /* Resources */ = {
			isa = PBXResourcesBuildPhase;
			buildActionMask = 2147483647;
			files = (
				313F430F2801BA28007052DB /* SF-Pro-Text-Semibold.otf in Resources */,
				313F43112801BA45007052DB /* SF-Pro-Text-Regular.otf in Resources */,
				313F430D2801B9F1007052DB /* SF-Pro-Display-Semibold.otf in Resources */,
				313F42FB28019DF0007052DB /* LaunchScreen.storyboard in Resources */,
				313F42F828019DF0007052DB /* Assets.xcassets in Resources */,
			);
			runOnlyForDeploymentPostprocessing = 0;
		};
/* End PBXResourcesBuildPhase section */

/* Begin PBXSourcesBuildPhase section */
		313F42E728019DEF007052DB /* Sources */ = {
			isa = PBXSourcesBuildPhase;
			buildActionMask = 2147483647;
			files = (
				31692B14281D778D003C609D /* HabitEditViewController.swift in Sources */,
				313F430A2801B0E1007052DB /* UIFont + Extension.swift in Sources */,
				313F42F328019DEF007052DB /* HabitsViewController.swift in Sources */,
				313F43082801A59B007052DB /* UIColor + Extension.swift in Sources */,
				314979C3280AF44900F006D0 /* HabitsStore.swift in Sources */,
				313F42EF28019DEF007052DB /* AppDelegate.swift in Sources */,
				313F43172801C094007052DB /* TabBarController.swift in Sources */,
				313F43152801BFBD007052DB /* InfoViewController.swift in Sources */,
				313D4B85281075C7005ABDF1 /* ProgressBarView.swift in Sources */,
				313D4B83281064E3005ABDF1 /* HabitsCollectionViewCell.swift in Sources */,
				31552C2E280BE52C008EF9CD /* ProgressCollectionViewCell.swift in Sources */,
				31552C33280BEFC2008EF9CD /* UIView + Extension.swift in Sources */,
				314979C7280B027C00F006D0 /* HabitViewController.swift in Sources */,
				313C5F56280AD63200D0BAEF /* Text.swift in Sources */,
				31692B12281D591A003C609D /* UITableViewCell + Extensions.swift in Sources */,
				313C5F50280AD57D00D0BAEF /* UILabel + Extensions.swift in Sources */,
				313C5F53280AD5D100D0BAEF /* InfoView.swift in Sources */,
				31552C35280BFDE8008EF9CD /* HabitDetailsViewController.swift in Sources */,
				313F42F128019DEF007052DB /* SceneDelegate.swift in Sources */,
			);
			runOnlyForDeploymentPostprocessing = 0;
		};
/* End PBXSourcesBuildPhase section */

/* Begin PBXVariantGroup section */
		313F42F928019DF0007052DB /* LaunchScreen.storyboard */ = {
			isa = PBXVariantGroup;
			children = (
				313F42FA28019DF0007052DB /* Base */,
			);
			name = LaunchScreen.storyboard;
			sourceTree = "<group>";
		};
/* End PBXVariantGroup section */

/* Begin XCBuildConfiguration section */
		313F42FD28019DF0007052DB /* Debug */ = {
			isa = XCBuildConfiguration;
			buildSettings = {
				ALWAYS_SEARCH_USER_PATHS = NO;
				CLANG_ANALYZER_NONNULL = YES;
				CLANG_ANALYZER_NUMBER_OBJECT_CONVERSION = YES_AGGRESSIVE;
				CLANG_CXX_LANGUAGE_STANDARD = "gnu++17";
				CLANG_ENABLE_MODULES = YES;
				CLANG_ENABLE_OBJC_ARC = YES;
				CLANG_ENABLE_OBJC_WEAK = YES;
				CLANG_WARN_BLOCK_CAPTURE_AUTORELEASING = YES;
				CLANG_WARN_BOOL_CONVERSION = YES;
				CLANG_WARN_COMMA = YES;
				CLANG_WARN_CONSTANT_CONVERSION = YES;
				CLANG_WARN_DEPRECATED_OBJC_IMPLEMENTATIONS = YES;
				CLANG_WARN_DIRECT_OBJC_ISA_USAGE = YES_ERROR;
				CLANG_WARN_DOCUMENTATION_COMMENTS = YES;
				CLANG_WARN_EMPTY_BODY = YES;
				CLANG_WARN_ENUM_CONVERSION = YES;
				CLANG_WARN_INFINITE_RECURSION = YES;
				CLANG_WARN_INT_CONVERSION = YES;
				CLANG_WARN_NON_LITERAL_NULL_CONVERSION = YES;
				CLANG_WARN_OBJC_IMPLICIT_RETAIN_SELF = YES;
				CLANG_WARN_OBJC_LITERAL_CONVERSION = YES;
				CLANG_WARN_OBJC_ROOT_CLASS = YES_ERROR;
				CLANG_WARN_QUOTED_INCLUDE_IN_FRAMEWORK_HEADER = YES;
				CLANG_WARN_RANGE_LOOP_ANALYSIS = YES;
				CLANG_WARN_STRICT_PROTOTYPES = YES;
				CLANG_WARN_SUSPICIOUS_MOVE = YES;
				CLANG_WARN_UNGUARDED_AVAILABILITY = YES_AGGRESSIVE;
				CLANG_WARN_UNREACHABLE_CODE = YES;
				CLANG_WARN__DUPLICATE_METHOD_MATCH = YES;
				COPY_PHASE_STRIP = NO;
				DEBUG_INFORMATION_FORMAT = dwarf;
				ENABLE_STRICT_OBJC_MSGSEND = YES;
				ENABLE_TESTABILITY = YES;
				GCC_C_LANGUAGE_STANDARD = gnu11;
				GCC_DYNAMIC_NO_PIC = NO;
				GCC_NO_COMMON_BLOCKS = YES;
				GCC_OPTIMIZATION_LEVEL = 0;
				GCC_PREPROCESSOR_DEFINITIONS = (
					"DEBUG=1",
					"$(inherited)",
				);
				GCC_WARN_64_TO_32_BIT_CONVERSION = YES;
				GCC_WARN_ABOUT_RETURN_TYPE = YES_ERROR;
				GCC_WARN_UNDECLARED_SELECTOR = YES;
				GCC_WARN_UNINITIALIZED_AUTOS = YES_AGGRESSIVE;
				GCC_WARN_UNUSED_FUNCTION = YES;
				GCC_WARN_UNUSED_VARIABLE = YES;
				IPHONEOS_DEPLOYMENT_TARGET = 15.4;
				MTL_ENABLE_DEBUG_INFO = INCLUDE_SOURCE;
				MTL_FAST_MATH = YES;
				ONLY_ACTIVE_ARCH = YES;
				SDKROOT = iphoneos;
				SWIFT_ACTIVE_COMPILATION_CONDITIONS = DEBUG;
				SWIFT_OPTIMIZATION_LEVEL = "-Onone";
			};
			name = Debug;
		};
		313F42FE28019DF0007052DB /* Release */ = {
			isa = XCBuildConfiguration;
			buildSettings = {
				ALWAYS_SEARCH_USER_PATHS = NO;
				CLANG_ANALYZER_NONNULL = YES;
				CLANG_ANALYZER_NUMBER_OBJECT_CONVERSION = YES_AGGRESSIVE;
				CLANG_CXX_LANGUAGE_STANDARD = "gnu++17";
				CLANG_ENABLE_MODULES = YES;
				CLANG_ENABLE_OBJC_ARC = YES;
				CLANG_ENABLE_OBJC_WEAK = YES;
				CLANG_WARN_BLOCK_CAPTURE_AUTORELEASING = YES;
				CLANG_WARN_BOOL_CONVERSION = YES;
				CLANG_WARN_COMMA = YES;
				CLANG_WARN_CONSTANT_CONVERSION = YES;
				CLANG_WARN_DEPRECATED_OBJC_IMPLEMENTATIONS = YES;
				CLANG_WARN_DIRECT_OBJC_ISA_USAGE = YES_ERROR;
				CLANG_WARN_DOCUMENTATION_COMMENTS = YES;
				CLANG_WARN_EMPTY_BODY = YES;
				CLANG_WARN_ENUM_CONVERSION = YES;
				CLANG_WARN_INFINITE_RECURSION = YES;
				CLANG_WARN_INT_CONVERSION = YES;
				CLANG_WARN_NON_LITERAL_NULL_CONVERSION = YES;
				CLANG_WARN_OBJC_IMPLICIT_RETAIN_SELF = YES;
				CLANG_WARN_OBJC_LITERAL_CONVERSION = YES;
				CLANG_WARN_OBJC_ROOT_CLASS = YES_ERROR;
				CLANG_WARN_QUOTED_INCLUDE_IN_FRAMEWORK_HEADER = YES;
				CLANG_WARN_RANGE_LOOP_ANALYSIS = YES;
				CLANG_WARN_STRICT_PROTOTYPES = YES;
				CLANG_WARN_SUSPICIOUS_MOVE = YES;
				CLANG_WARN_UNGUARDED_AVAILABILITY = YES_AGGRESSIVE;
				CLANG_WARN_UNREACHABLE_CODE = YES;
				CLANG_WARN__DUPLICATE_METHOD_MATCH = YES;
				COPY_PHASE_STRIP = NO;
				DEBUG_INFORMATION_FORMAT = "dwarf-with-dsym";
				ENABLE_NS_ASSERTIONS = NO;
				ENABLE_STRICT_OBJC_MSGSEND = YES;
				GCC_C_LANGUAGE_STANDARD = gnu11;
				GCC_NO_COMMON_BLOCKS = YES;
				GCC_WARN_64_TO_32_BIT_CONVERSION = YES;
				GCC_WARN_ABOUT_RETURN_TYPE = YES_ERROR;
				GCC_WARN_UNDECLARED_SELECTOR = YES;
				GCC_WARN_UNINITIALIZED_AUTOS = YES_AGGRESSIVE;
				GCC_WARN_UNUSED_FUNCTION = YES;
				GCC_WARN_UNUSED_VARIABLE = YES;
				IPHONEOS_DEPLOYMENT_TARGET = 15.4;
				MTL_ENABLE_DEBUG_INFO = NO;
				MTL_FAST_MATH = YES;
				SDKROOT = iphoneos;
				SWIFT_COMPILATION_MODE = wholemodule;
				SWIFT_OPTIMIZATION_LEVEL = "-O";
				VALIDATE_PRODUCT = YES;
			};
			name = Release;
		};
		313F430028019DF0007052DB /* Debug */ = {
			isa = XCBuildConfiguration;
			buildSettings = {
				ASSETCATALOG_COMPILER_APPICON_NAME = AppIcon;
				ASSETCATALOG_COMPILER_GLOBAL_ACCENT_COLOR_NAME = AccentColor;
				CODE_SIGN_STYLE = Automatic;
				CURRENT_PROJECT_VERSION = 1;
				DEVELOPMENT_TEAM = WAA8C53LKT;
				GENERATE_INFOPLIST_FILE = YES;
				INFOPLIST_FILE = MyHabits/Resourses/Info.plist;
				INFOPLIST_KEY_UIApplicationSupportsIndirectInputEvents = YES;
				INFOPLIST_KEY_UILaunchStoryboardName = LaunchScreen;
				INFOPLIST_KEY_UISupportedInterfaceOrientations_iPad = "UIInterfaceOrientationPortrait UIInterfaceOrientationPortraitUpsideDown UIInterfaceOrientationLandscapeLeft UIInterfaceOrientationLandscapeRight";
				INFOPLIST_KEY_UISupportedInterfaceOrientations_iPhone = "UIInterfaceOrientationPortrait UIInterfaceOrientationLandscapeLeft UIInterfaceOrientationLandscapeRight";
				IPHONEOS_DEPLOYMENT_TARGET = 15.4;
				LD_RUNPATH_SEARCH_PATHS = (
					"$(inherited)",
					"@executable_path/Frameworks",
				);
				MARKETING_VERSION = 1.0;
				PRODUCT_BUNDLE_IDENTIFIER = "com.aalipur-icloud.MyHabits";
				PRODUCT_NAME = "$(TARGET_NAME)";
				SWIFT_EMIT_LOC_STRINGS = YES;
				SWIFT_VERSION = 5.0;
				TARGETED_DEVICE_FAMILY = "1,2";
			};
			name = Debug;
		};
		313F430128019DF0007052DB /* Release */ = {
			isa = XCBuildConfiguration;
			buildSettings = {
				ASSETCATALOG_COMPILER_APPICON_NAME = AppIcon;
				ASSETCATALOG_COMPILER_GLOBAL_ACCENT_COLOR_NAME = AccentColor;
				CODE_SIGN_STYLE = Automatic;
				CURRENT_PROJECT_VERSION = 1;
				DEVELOPMENT_TEAM = WAA8C53LKT;
				GENERATE_INFOPLIST_FILE = YES;
				INFOPLIST_FILE = MyHabits/Resourses/Info.plist;
				INFOPLIST_KEY_UIApplicationSupportsIndirectInputEvents = YES;
				INFOPLIST_KEY_UILaunchStoryboardName = LaunchScreen;
				INFOPLIST_KEY_UISupportedInterfaceOrientations_iPad = "UIInterfaceOrientationPortrait UIInterfaceOrientationPortraitUpsideDown UIInterfaceOrientationLandscapeLeft UIInterfaceOrientationLandscapeRight";
				INFOPLIST_KEY_UISupportedInterfaceOrientations_iPhone = "UIInterfaceOrientationPortrait UIInterfaceOrientationLandscapeLeft UIInterfaceOrientationLandscapeRight";
				IPHONEOS_DEPLOYMENT_TARGET = 15.4;
				LD_RUNPATH_SEARCH_PATHS = (
					"$(inherited)",
					"@executable_path/Frameworks",
				);
				MARKETING_VERSION = 1.0;
				PRODUCT_BUNDLE_IDENTIFIER = "com.aalipur-icloud.MyHabits";
				PRODUCT_NAME = "$(TARGET_NAME)";
				SWIFT_EMIT_LOC_STRINGS = YES;
				SWIFT_VERSION = 5.0;
				TARGETED_DEVICE_FAMILY = "1,2";
			};
			name = Release;
		};
/* End XCBuildConfiguration section */

/* Begin XCConfigurationList section */
		313F42E628019DEF007052DB /* Build configuration list for PBXProject "MyHabits" */ = {
			isa = XCConfigurationList;
			buildConfigurations = (
				313F42FD28019DF0007052DB /* Debug */,
				313F42FE28019DF0007052DB /* Release */,
			);
			defaultConfigurationIsVisible = 0;
			defaultConfigurationName = Release;
		};
		313F42FF28019DF0007052DB /* Build configuration list for PBXNativeTarget "MyHabits" */ = {
			isa = XCConfigurationList;
			buildConfigurations = (
				313F430028019DF0007052DB /* Debug */,
				313F430128019DF0007052DB /* Release */,
			);
			defaultConfigurationIsVisible = 0;
			defaultConfigurationName = Release;
		};
/* End XCConfigurationList section */
	};
	rootObject = 313F42E328019DEF007052DB /* Project object */;
}
